
Microsoft Visual Studio Solution File, Format Version 12.00
# Visual Studio Version 16
VisualStudioVersion = 16.0.30523.141
MinimumVisualStudioVersion = 10.0.40219.1
Project("{FAE04EC0-301F-11D3-BF4B-00C04F79EFBC}") = "CAROGAME", "CAROGAME.csproj", "{6D90F6FB-A3ED-4AED-B3F0-F2B372606888}"
EndProject
Project("{54435603-DBB4-11D2-8724-00A0C9A8B90C}") = "SetupCaroGame", "..\SetupCaroGame\SetupCaroGame.vdproj", "{0F0540BC-CEE1-42E5-8D53-9C08EEC83BF9}"
EndProject
Global
	GlobalSection(SolutionConfigurationPlatforms) = preSolution
		Debug|Any CPU = Debug|Any CPU
		Release|Any CPU = Release|Any CPU
	EndGlobalSection
	GlobalSection(ProjectConfigurationPlatforms) = postSolution
		{6D90F6FB-A3ED-4AED-B3F0-F2B372606888}.Debug|Any CPU.ActiveCfg = Debug|Any CPU
		{6D90F6FB-A3ED-4AED-B3F0-F2B372606888}.Debug|Any CPU.Build.0 = Debug|Any CPU
		{6D90F6FB-A3ED-4AED-B3F0-F2B372606888}.Release|Any CPU.ActiveCfg = Release|Any CPU
		{6D90F6FB-A3ED-4AED-B3F0-F2B372606888}.Release|Any CPU.Build.0 = Release|Any CPU
		{0F0540BC-CEE1-42E5-8D53-9C08EEC83BF9}.Debug|Any CPU.ActiveCfg = Debug
		{0F0540BC-CEE1-42E5-8D53-9C08EEC83BF9}.Release|Any CPU.ActiveCfg = Release
	EndGlobalSection
	GlobalSection(SolutionProperties) = preSolution
		HideSolutionNode = FALSE
	EndGlobalSection
	GlobalSection(ExtensibilityGlobals) = postSolution
		SolutionGuid = {1FAACE6E-4464-49F6-947F-E15E7CC7E7F0}
	EndGlobalSection
EndGlobal
